
Microsoft Visual Studio Solution File, Format Version 12.00
# Visual Studio Version 16
VisualStudioVersion = 16.0.30114.105
MinimumVisualStudioVersion = 10.0.40219.1
Project("{FAE04EC0-301F-11D3-BF4B-00C04F79EFBC}") = "CesiumForUnity", "CesiumForUnity\CesiumForUnity.csproj", "{87313CF7-951D-4A98-9860-26CB34B8D3C8}"
EndProject
Project("{FAE04EC0-301F-11D3-BF4B-00C04F79EFBC}") = "CesiumForUnityNativeBindings", "CesiumForUnityNativeBindings\CesiumForUnityNativeBindings.csproj", "{CC4EE6FB-39A6-42DC-8D6C-30676DC82B55}"
EndProject
Global
	GlobalSection(SolutionConfigurationPlatforms) = preSolution
		Debug|Any CPU = Debug|Any CPU
		Release|Any CPU = Release|Any CPU
	EndGlobalSection
	GlobalSection(SolutionProperties) = preSolution
		HideSolutionNode = FALSE
	EndGlobalSection
	GlobalSection(ProjectConfigurationPlatforms) = postSolution
		{87313CF7-951D-4A98-9860-26CB34B8D3C8}.Debug|Any CPU.ActiveCfg = Debug|Any CPU
		{87313CF7-951D-4A98-9860-26CB34B8D3C8}.Debug|Any CPU.Build.0 = Debug|Any CPU
		{87313CF7-951D-4A98-9860-26CB34B8D3C8}.Release|Any CPU.ActiveCfg = Release|Any CPU
		{87313CF7-951D-4A98-9860-26CB34B8D3C8}.Release|Any CPU.Build.0 = Release|Any CPU
		{CC4EE6FB-39A6-42DC-8D6C-30676DC82B55}.Debug|Any CPU.ActiveCfg = Debug|Any CPU
		{CC4EE6FB-39A6-42DC-8D6C-30676DC82B55}.Debug|Any CPU.Build.0 = Debug|Any CPU
		{CC4EE6FB-39A6-42DC-8D6C-30676DC82B55}.Release|Any CPU.ActiveCfg = Release|Any CPU
		{CC4EE6FB-39A6-42DC-8D6C-30676DC82B55}.Release|Any CPU.Build.0 = Release|Any CPU
	EndGlobalSection
EndGlobal
