
Microsoft Visual Studio Solution File, Format Version 12.00
# Visual Studio Version 17
VisualStudioVersion = 17.3.32611.2
MinimumVisualStudioVersion = 10.0.40219.1
Project("{9A19103F-16F7-4668-BE54-9A1E7A4F7556}") = "Reinterop", "Reinterop\Reinterop.csproj", "{6CCCA995-2AEE-4DD4-BC10-38A0ECBF1EE6}"
EndProject
Global
	GlobalSection(SolutionConfigurationPlatforms) = preSolution
		Debug|Any CPU = Debug|Any CPU
		Release|Any CPU = Release|Any CPU
	EndGlobalSection
	GlobalSection(ProjectConfigurationPlatforms) = postSolution
		{6CCCA995-2AEE-4DD4-BC10-38A0ECBF1EE6}.Debug|Any CPU.ActiveCfg = Debug|Any CPU
		{6CCCA995-2AEE-4DD4-BC10-38A0ECBF1EE6}.Debug|Any CPU.Build.0 = Debug|Any CPU
		{6CCCA995-2AEE-4DD4-BC10-38A0ECBF1EE6}.Release|Any CPU.ActiveCfg = Release|Any CPU
		{6CCCA995-2AEE-4DD4-BC10-38A0ECBF1EE6}.Release|Any CPU.Build.0 = Release|Any CPU
	EndGlobalSection
	GlobalSection(SolutionProperties) = preSolution
		HideSolutionNode = FALSE
	EndGlobalSection
	GlobalSection(ExtensibilityGlobals) = postSolution
		SolutionGuid = {AECDEC17-E33F-472F-9954-9295A5006DFA}
	EndGlobalSection
EndGlobal
